
Microsoft Visual Studio Solution File, Format Version 12.00
# Visual Studio Version 17
VisualStudioVersion = 17.5.002.0
MinimumVisualStudioVersion = 10.0.40219.1
Project("{9A19103F-16F7-4668-BE54-9A1E7A4F7556}") = "httprequest", "httprequest.csproj", "{6FCF28D4-4779-4766-B867-F9DA7B5BA34D}"
EndProject
Global
	GlobalSection(SolutionConfigurationPlatforms) = preSolution
		Debug|Any CPU = Debug|Any CPU
		Release|Any CPU = Release|Any CPU
	EndGlobalSection
	GlobalSection(ProjectConfigurationPlatforms) = postSolution
		{6FCF28D4-4779-4766-B867-F9DA7B5BA34D}.Debug|Any CPU.ActiveCfg = Debug|Any CPU
		{6FCF28D4-4779-4766-B867-F9DA7B5BA34D}.Debug|Any CPU.Build.0 = Debug|Any CPU
		{6FCF28D4-4779-4766-B867-F9DA7B5BA34D}.Release|Any CPU.ActiveCfg = Release|Any CPU
		{6FCF28D4-4779-4766-B867-F9DA7B5BA34D}.Release|Any CPU.Build.0 = Release|Any CPU
	EndGlobalSection
	GlobalSection(SolutionProperties) = preSolution
		HideSolutionNode = FALSE
	EndGlobalSection
	GlobalSection(ExtensibilityGlobals) = postSolution
		SolutionGuid = {95ED6FFE-38FD-414F-B1D5-AA13423E03B2}
	EndGlobalSection
EndGlobal
